{"lockfile-version":0,"manifest":{"install":{"bison":null,"cmake":null,"coreutils":null,"git":null,"gnumake":null,"icu58":null,"inetutils":null,"jemalloc":null,"libevent":null,"libgcrypt":null,"mysql-client":null,"openssl":null,"pcre":null,"pkg-config":null,"vim":null,"zlib":null},"registry":{"defaults":{"subtrees":null},"inputs":{"nixpkgs":{"from":{"owner":"NixOS","ref":"release-23.05","repo":"nixpkgs","type":"github"},"subtrees":["legacyPackages"]}},"priority":["nixpkgs"]},"vars":{"ICQ_DIR":"$FLOX_ENV","ICU_ROOT":"$FLOX_ENV","JEMALLOC_ROOT":"$FLOX_ENV","MYSQL_ROOT":"$FLOX_ENV","OPENSSL_ROOT_DIR":"$FLOX_ENV","PCRE_ROOT":"$FLOX_ENV","ZLIB_ROOT":"$FLOX_ENV"}},"packages":{"x86_64-linux":{"bison":{"attr-path":["legacyPackages","x86_64-linux","bison"],"info":{"broken":false,"license":"GPL-3.0-or-later","pname":"bison","unfree":false,"version":"3.8.2"},"input":{"attrs":{"lastModified":1702148972,"narHash":"sha256-h2jODFP6n+ABrUWcGRSVPRFfLOkM9TJ2pO+h+9JcaL0=","owner":"NixOS","repo":"nixpkgs","rev":"b8f33c044e51de6dde3ad80a9676945e0e4e3227","type":"github"},"fingerprint":"f076b1c82eed5d11d37c4464c5f1aefced736c00ab1fe56cfd3d1e1296f30041","url":"github:NixOS/nixpkgs/b8f33c044e51de6dde3ad80a9676945e0e4e3227"},"priority":5},"cmake":{"attr-path":["legacyPackages","x86_64-linux","cmake"],"info":{"broken":false,"license":"BSD-3-Clause","pname":"cmake","unfree":false,"version":"3.25.3"},"input":{"attrs":{"lastModified":1702148972,"narHash":"sha256-h2jODFP6n+ABrUWcGRSVPRFfLOkM9TJ2pO+h+9JcaL0=","owner":"NixOS","repo":"nixpkgs","rev":"b8f33c044e51de6dde3ad80a9676945e0e4e3227","type":"github"},"fingerprint":"f076b1c82eed5d11d37c4464c5f1aefced736c00ab1fe56cfd3d1e1296f30041","url":"github:NixOS/nixpkgs/b8f33c044e51de6dde3ad80a9676945e0e4e3227"},"priority":5},"coreutils":{"attr-path":["legacyPackages","x86_64-linux","coreutils"],"info":{"broken":false,"license":"GPL-3.0-or-later","pname":"coreutils","unfree":false,"version":"9.1"},"input":{"attrs":{"lastModified":1702148972,"narHash":"sha256-h2jODFP6n+ABrUWcGRSVPRFfLOkM9TJ2pO+h+9JcaL0=","owner":"NixOS","repo":"nixpkgs","rev":"b8f33c044e51de6dde3ad80a9676945e0e4e3227","type":"github"},"fingerprint":"f076b1c82eed5d11d37c4464c5f1aefced736c00ab1fe56cfd3d1e1296f30041","url":"github:NixOS/nixpkgs/b8f33c044e51de6dde3ad80a9676945e0e4e3227"},"priority":5},"git":{"attr-path":["legacyPackages","x86_64-linux","git"],"info":{"broken":false,"license":"GPL-2.0","pname":"git","unfree":false,"version":"2.40.1"},"input":{"attrs":{"lastModified":1702148972,"narHash":"sha256-h2jODFP6n+ABrUWcGRSVPRFfLOkM9TJ2pO+h+9JcaL0=","owner":"NixOS","repo":"nixpkgs","rev":"b8f33c044e51de6dde3ad80a9676945e0e4e3227","type":"github"},"fingerprint":"f076b1c82eed5d11d37c4464c5f1aefced736c00ab1fe56cfd3d1e1296f30041","url":"github:NixOS/nixpkgs/b8f33c044e51de6dde3ad80a9676945e0e4e3227"},"priority":5},"gnumake":{"attr-path":["legacyPackages","x86_64-linux","gnumake"],"info":{"broken":false,"license":"GPL-3.0-or-later","pname":"gnumake","unfree":false,"version":"4.4.1"},"input":{"attrs":{"lastModified":1702148972,"narHash":"sha256-h2jODFP6n+ABrUWcGRSVPRFfLOkM9TJ2pO+h+9JcaL0=","owner":"NixOS","repo":"nixpkgs","rev":"b8f33c044e51de6dde3ad80a9676945e0e4e3227","type":"github"},"fingerprint":"f076b1c82eed5d11d37c4464c5f1aefced736c00ab1fe56cfd3d1e1296f30041","url":"github:NixOS/nixpkgs/b8f33c044e51de6dde3ad80a9676945e0e4e3227"},"priority":5},"icu58":{"attr-path":["legacyPackages","x86_64-linux","icu58"],"info":{"broken":false,"license":null,"pname":"icu4c","unfree":false,"version":"58.2"},"input":{"attrs":{"lastModified":1702148972,"narHash":"sha256-h2jODFP6n+ABrUWcGRSVPRFfLOkM9TJ2pO+h+9JcaL0=","owner":"NixOS","repo":"nixpkgs","rev":"b8f33c044e51de6dde3ad80a9676945e0e4e3227","type":"github"},"fingerprint":"f076b1c82eed5d11d37c4464c5f1aefced736c00ab1fe56cfd3d1e1296f30041","url":"github:NixOS/nixpkgs/b8f33c044e51de6dde3ad80a9676945e0e4e3227"},"priority":5},"inetutils":{"attr-path":["legacyPackages","x86_64-linux","inetutils"],"info":{"broken":false,"license":"GPL-3.0-or-later","pname":"inetutils","unfree":false,"version":"2.4"},"input":{"attrs":{"lastModified":1702148972,"narHash":"sha256-h2jODFP6n+ABrUWcGRSVPRFfLOkM9TJ2pO+h+9JcaL0=","owner":"NixOS","repo":"nixpkgs","rev":"b8f33c044e51de6dde3ad80a9676945e0e4e3227","type":"github"},"fingerprint":"f076b1c82eed5d11d37c4464c5f1aefced736c00ab1fe56cfd3d1e1296f30041","url":"github:NixOS/nixpkgs/b8f33c044e51de6dde3ad80a9676945e0e4e3227"},"priority":5},"jemalloc":{"attr-path":["legacyPackages","x86_64-linux","jemalloc"],"info":{"broken":false,"license":"BSD-2-Clause","pname":"jemalloc","unfree":false,"version":"5.3.0"},"input":{"attrs":{"lastModified":1702148972,"narHash":"sha256-h2jODFP6n+ABrUWcGRSVPRFfLOkM9TJ2pO+h+9JcaL0=","owner":"NixOS","repo":"nixpkgs","rev":"b8f33c044e51de6dde3ad80a9676945e0e4e3227","type":"github"},"fingerprint":"f076b1c82eed5d11d37c4464c5f1aefced736c00ab1fe56cfd3d1e1296f30041","url":"github:NixOS/nixpkgs/b8f33c044e51de6dde3ad80a9676945e0e4e3227"},"priority":5},"libevent":{"attr-path":["legacyPackages","x86_64-linux","libevent"],"info":{"broken":false,"license":"BSD-3-Clause","pname":"libevent","unfree":false,"version":"2.1.12"},"input":{"attrs":{"lastModified":1702148972,"narHash":"sha256-h2jODFP6n+ABrUWcGRSVPRFfLOkM9TJ2pO+h+9JcaL0=","owner":"NixOS","repo":"nixpkgs","rev":"b8f33c044e51de6dde3ad80a9676945e0e4e3227","type":"github"},"fingerprint":"f076b1c82eed5d11d37c4464c5f1aefced736c00ab1fe56cfd3d1e1296f30041","url":"github:NixOS/nixpkgs/b8f33c044e51de6dde3ad80a9676945e0e4e3227"},"priority":5},"libgcrypt":{"attr-path":["legacyPackages","x86_64-linux","libgcrypt"],"info":{"broken":false,"license":"LGPL-2.0-or-later","pname":"libgcrypt","unfree":false,"version":"1.10.2"},"input":{"attrs":{"lastModified":1702148972,"narHash":"sha256-h2jODFP6n+ABrUWcGRSVPRFfLOkM9TJ2pO+h+9JcaL0=","owner":"NixOS","repo":"nixpkgs","rev":"b8f33c044e51de6dde3ad80a9676945e0e4e3227","type":"github"},"fingerprint":"f076b1c82eed5d11d37c4464c5f1aefced736c00ab1fe56cfd3d1e1296f30041","url":"github:NixOS/nixpkgs/b8f33c044e51de6dde3ad80a9676945e0e4e3227"},"priority":5},"mysql-client":{"attr-path":["legacyPackages","x86_64-linux","mysql-client"],"info":{"broken":false,"license":"GPL-2.0","pname":"mariadb-client","unfree":false,"version":"10.6.15"},"input":{"attrs":{"lastModified":1702148972,"narHash":"sha256-h2jODFP6n+ABrUWcGRSVPRFfLOkM9TJ2pO+h+9JcaL0=","owner":"NixOS","repo":"nixpkgs","rev":"b8f33c044e51de6dde3ad80a9676945e0e4e3227","type":"github"},"fingerprint":"f076b1c82eed5d11d37c4464c5f1aefced736c00ab1fe56cfd3d1e1296f30041","url":"github:NixOS/nixpkgs/b8f33c044e51de6dde3ad80a9676945e0e4e3227"},"priority":5},"openssl":{"attr-path":["legacyPackages","x86_64-linux","openssl"],"info":{"broken":false,"license":"Apache-2.0","pname":"openssl","unfree":false,"version":"3.0.12"},"input":{"attrs":{"lastModified":1702148972,"narHash":"sha256-h2jODFP6n+ABrUWcGRSVPRFfLOkM9TJ2pO+h+9JcaL0=","owner":"NixOS","repo":"nixpkgs","rev":"b8f33c044e51de6dde3ad80a9676945e0e4e3227","type":"github"},"fingerprint":"f076b1c82eed5d11d37c4464c5f1aefced736c00ab1fe56cfd3d1e1296f30041","url":"github:NixOS/nixpkgs/b8f33c044e51de6dde3ad80a9676945e0e4e3227"},"priority":5},"pcre":{"attr-path":["legacyPackages","x86_64-linux","pcre"],"info":{"broken":false,"license":"BSD-3-Clause","pname":"pcre","unfree":false,"version":"8.45"},"input":{"attrs":{"lastModified":1702148972,"narHash":"sha256-h2jODFP6n+ABrUWcGRSVPRFfLOkM9TJ2pO+h+9JcaL0=","owner":"NixOS","repo":"nixpkgs","rev":"b8f33c044e51de6dde3ad80a9676945e0e4e3227","type":"github"},"fingerprint":"f076b1c82eed5d11d37c4464c5f1aefced736c00ab1fe56cfd3d1e1296f30041","url":"github:NixOS/nixpkgs/b8f33c044e51de6dde3ad80a9676945e0e4e3227"},"priority":5},"pkg-config":{"attr-path":["legacyPackages","x86_64-linux","pkg-config-unwrapped"],"info":{"broken":false,"license":"GPL-2.0-or-later","pname":"pkg-config","unfree":false,"version":"0.29.2"},"input":{"attrs":{"lastModified":1702148972,"narHash":"sha256-h2jODFP6n+ABrUWcGRSVPRFfLOkM9TJ2pO+h+9JcaL0=","owner":"NixOS","repo":"nixpkgs","rev":"b8f33c044e51de6dde3ad80a9676945e0e4e3227","type":"github"},"fingerprint":"f076b1c82eed5d11d37c4464c5f1aefced736c00ab1fe56cfd3d1e1296f30041","url":"github:NixOS/nixpkgs/b8f33c044e51de6dde3ad80a9676945e0e4e3227"},"priority":5},"vim":{"attr-path":["legacyPackages","x86_64-linux","vim"],"info":{"broken":false,"license":"Vim","pname":"vim","unfree":false,"version":"9.0.1441"},"input":{"attrs":{"lastModified":1702148972,"narHash":"sha256-h2jODFP6n+ABrUWcGRSVPRFfLOkM9TJ2pO+h+9JcaL0=","owner":"NixOS","repo":"nixpkgs","rev":"b8f33c044e51de6dde3ad80a9676945e0e4e3227","type":"github"},"fingerprint":"f076b1c82eed5d11d37c4464c5f1aefced736c00ab1fe56cfd3d1e1296f30041","url":"github:NixOS/nixpkgs/b8f33c044e51de6dde3ad80a9676945e0e4e3227"},"priority":5},"zlib":{"attr-path":["legacyPackages","x86_64-linux","zlib"],"info":{"broken":false,"license":"Zlib","pname":"zlib","unfree":false,"version":"1.2.13"},"input":{"attrs":{"lastModified":1702148972,"narHash":"sha256-h2jODFP6n+ABrUWcGRSVPRFfLOkM9TJ2pO+h+9JcaL0=","owner":"NixOS","repo":"nixpkgs","rev":"b8f33c044e51de6dde3ad80a9676945e0e4e3227","type":"github"},"fingerprint":"f076b1c82eed5d11d37c4464c5f1aefced736c00ab1fe56cfd3d1e1296f30041","url":"github:NixOS/nixpkgs/b8f33c044e51de6dde3ad80a9676945e0e4e3227"},"priority":5}}},"registry":{"defaults":{"subtrees":null},"inputs":{"nixpkgs":{"from":{"lastModified":1702148972,"narHash":"sha256-h2jODFP6n+ABrUWcGRSVPRFfLOkM9TJ2pO+h+9JcaL0=","owner":"NixOS","repo":"nixpkgs","rev":"b8f33c044e51de6dde3ad80a9676945e0e4e3227","type":"github"},"subtrees":["legacyPackages"]}},"priority":["nixpkgs"]}}