{
  "lockfile-version": 0,
  "manifest": {
    "install": {
      "bison": null,
      "cmake": null,
      "coreutils": null,
      "gcc": null,
      "git": null,
      "gnumake": null,
      "icu": null,
      "inetutils": null,
      "jemalloc": null,
      "libevent": null,
      "libgcrypt": null,
      "mariadb-connector-c": null,
      "openssl": null,
      "pcre": null,
      "pkg-config": null,
      "vim": null,
      "zlib": null
    },
    "registry": {
      "defaults": {
        "subtrees": null
      },
      "inputs": {
        "nixpkgs": {
          "from": {
            "owner": "NixOS",
            "ref": "release-23.05",
            "repo": "nixpkgs",
            "type": "github"
          },
          "subtrees": [
            "legacyPackages"
          ]
        }
      },
      "priority": [
        "nixpkgs"
      ]
    },
    "vars": {
      "ICU_ROOT": "$FLOX_ENV",
      "MYSQL_ROOT": "$FLOX_ENV",
      "OPENSSL_ROOT_DIR": "$FLOX_ENV",
      "PCRE_ROOT": "$FLOX_ENV",
      "ZLIB_ROOT": "$FLOX_ENV"
    }
  },
  "packages": {
    "x86_64-linux": {
      "bison": {
        "attr-path": [
          "legacyPackages",
          "x86_64-linux",
          "bison"
        ],
        "info": {
          "broken": false,
          "license": "GPL-3.0-or-later",
          "pname": "bison",
          "unfree": false,
          "version": "3.8.2"
        },
        "input": {
          "attrs": {
            "lastModified": 1702560864,
            "narHash": "sha256-TKzwO/sGyKCRwAIiqqh/Hlr5JDcNtWPhm4wLEx0sC8U=",
            "owner": "NixOS",
            "repo": "nixpkgs",
            "rev": "ec59ab191f7728ec7c6a48ac0739de77e4f124b7",
            "type": "github"
          },
          "fingerprint": "a8f342703c6c7f48038dccb1bae240999764ffcc1a06ce01af513b12617a989d",
          "url": "github:NixOS/nixpkgs/ec59ab191f7728ec7c6a48ac0739de77e4f124b7"
        },
        "priority": 5
      },
      "cmake": {
        "attr-path": [
          "legacyPackages",
          "x86_64-linux",
          "cmake"
        ],
        "info": {
          "broken": false,
          "license": "BSD-3-Clause",
          "pname": "cmake",
          "unfree": false,
          "version": "3.25.3"
        },
        "input": {
          "attrs": {
            "lastModified": 1702560864,
            "narHash": "sha256-TKzwO/sGyKCRwAIiqqh/Hlr5JDcNtWPhm4wLEx0sC8U=",
            "owner": "NixOS",
            "repo": "nixpkgs",
            "rev": "ec59ab191f7728ec7c6a48ac0739de77e4f124b7",
            "type": "github"
          },
          "fingerprint": "a8f342703c6c7f48038dccb1bae240999764ffcc1a06ce01af513b12617a989d",
          "url": "github:NixOS/nixpkgs/ec59ab191f7728ec7c6a48ac0739de77e4f124b7"
        },
        "priority": 5
      },
      "coreutils": {
        "attr-path": [
          "legacyPackages",
          "x86_64-linux",
          "coreutils"
        ],
        "info": {
          "broken": false,
          "license": "GPL-3.0-or-later",
          "pname": "coreutils",
          "unfree": false,
          "version": "9.1"
        },
        "input": {
          "attrs": {
            "lastModified": 1702560864,
            "narHash": "sha256-TKzwO/sGyKCRwAIiqqh/Hlr5JDcNtWPhm4wLEx0sC8U=",
            "owner": "NixOS",
            "repo": "nixpkgs",
            "rev": "ec59ab191f7728ec7c6a48ac0739de77e4f124b7",
            "type": "github"
          },
          "fingerprint": "a8f342703c6c7f48038dccb1bae240999764ffcc1a06ce01af513b12617a989d",
          "url": "github:NixOS/nixpkgs/ec59ab191f7728ec7c6a48ac0739de77e4f124b7"
        },
        "priority": 5
      },
      "gcc": {
        "attr-path": [
          "legacyPackages",
          "x86_64-linux",
          "gcc"
        ],
        "info": {
          "broken": false,
          "license": "GPL-3.0-or-later",
          "pname": "gcc-wrapper",
          "unfree": false,
          "version": "12.2.0"
        },
        "input": {
          "attrs": {
            "lastModified": 1702560864,
            "narHash": "sha256-TKzwO/sGyKCRwAIiqqh/Hlr5JDcNtWPhm4wLEx0sC8U=",
            "owner": "NixOS",
            "repo": "nixpkgs",
            "rev": "ec59ab191f7728ec7c6a48ac0739de77e4f124b7",
            "type": "github"
          },
          "fingerprint": "a8f342703c6c7f48038dccb1bae240999764ffcc1a06ce01af513b12617a989d",
          "url": "github:NixOS/nixpkgs/ec59ab191f7728ec7c6a48ac0739de77e4f124b7"
        },
        "priority": 5
      },
      "git": {
        "attr-path": [
          "legacyPackages",
          "x86_64-linux",
          "git"
        ],
        "info": {
          "broken": false,
          "license": "GPL-2.0",
          "pname": "git",
          "unfree": false,
          "version": "2.40.1"
        },
        "input": {
          "attrs": {
            "lastModified": 1702560864,
            "narHash": "sha256-TKzwO/sGyKCRwAIiqqh/Hlr5JDcNtWPhm4wLEx0sC8U=",
            "owner": "NixOS",
            "repo": "nixpkgs",
            "rev": "ec59ab191f7728ec7c6a48ac0739de77e4f124b7",
            "type": "github"
          },
          "fingerprint": "a8f342703c6c7f48038dccb1bae240999764ffcc1a06ce01af513b12617a989d",
          "url": "github:NixOS/nixpkgs/ec59ab191f7728ec7c6a48ac0739de77e4f124b7"
        },
        "priority": 5
      },
      "gnumake": {
        "attr-path": [
          "legacyPackages",
          "x86_64-linux",
          "gnumake"
        ],
        "info": {
          "broken": false,
          "license": "GPL-3.0-or-later",
          "pname": "gnumake",
          "unfree": false,
          "version": "4.4.1"
        },
        "input": {
          "attrs": {
            "lastModified": 1702560864,
            "narHash": "sha256-TKzwO/sGyKCRwAIiqqh/Hlr5JDcNtWPhm4wLEx0sC8U=",
            "owner": "NixOS",
            "repo": "nixpkgs",
            "rev": "ec59ab191f7728ec7c6a48ac0739de77e4f124b7",
            "type": "github"
          },
          "fingerprint": "a8f342703c6c7f48038dccb1bae240999764ffcc1a06ce01af513b12617a989d",
          "url": "github:NixOS/nixpkgs/ec59ab191f7728ec7c6a48ac0739de77e4f124b7"
        },
        "priority": 5
      },
      "icu": {
        "attr-path": [
          "legacyPackages",
          "x86_64-linux",
          "icu"
        ],
        "info": {
          "broken": false,
          "license": null,
          "pname": "icu4c",
          "unfree": false,
          "version": "73.1"
        },
        "input": {
          "attrs": {
            "lastModified": 1702560864,
            "narHash": "sha256-TKzwO/sGyKCRwAIiqqh/Hlr5JDcNtWPhm4wLEx0sC8U=",
            "owner": "NixOS",
            "repo": "nixpkgs",
            "rev": "ec59ab191f7728ec7c6a48ac0739de77e4f124b7",
            "type": "github"
          },
          "fingerprint": "a8f342703c6c7f48038dccb1bae240999764ffcc1a06ce01af513b12617a989d",
          "url": "github:NixOS/nixpkgs/ec59ab191f7728ec7c6a48ac0739de77e4f124b7"
        },
        "priority": 5
      },
      "inetutils": {
        "attr-path": [
          "legacyPackages",
          "x86_64-linux",
          "inetutils"
        ],
        "info": {
          "broken": false,
          "license": "GPL-3.0-or-later",
          "pname": "inetutils",
          "unfree": false,
          "version": "2.4"
        },
        "input": {
          "attrs": {
            "lastModified": 1702560864,
            "narHash": "sha256-TKzwO/sGyKCRwAIiqqh/Hlr5JDcNtWPhm4wLEx0sC8U=",
            "owner": "NixOS",
            "repo": "nixpkgs",
            "rev": "ec59ab191f7728ec7c6a48ac0739de77e4f124b7",
            "type": "github"
          },
          "fingerprint": "a8f342703c6c7f48038dccb1bae240999764ffcc1a06ce01af513b12617a989d",
          "url": "github:NixOS/nixpkgs/ec59ab191f7728ec7c6a48ac0739de77e4f124b7"
        },
        "priority": 5
      },
      "jemalloc": {
        "attr-path": [
          "legacyPackages",
          "x86_64-linux",
          "jemalloc"
        ],
        "info": {
          "broken": false,
          "license": "BSD-2-Clause",
          "pname": "jemalloc",
          "unfree": false,
          "version": "5.3.0"
        },
        "input": {
          "attrs": {
            "lastModified": 1702560864,
            "narHash": "sha256-TKzwO/sGyKCRwAIiqqh/Hlr5JDcNtWPhm4wLEx0sC8U=",
            "owner": "NixOS",
            "repo": "nixpkgs",
            "rev": "ec59ab191f7728ec7c6a48ac0739de77e4f124b7",
            "type": "github"
          },
          "fingerprint": "a8f342703c6c7f48038dccb1bae240999764ffcc1a06ce01af513b12617a989d",
          "url": "github:NixOS/nixpkgs/ec59ab191f7728ec7c6a48ac0739de77e4f124b7"
        },
        "priority": 5
      },
      "libevent": {
        "attr-path": [
          "legacyPackages",
          "x86_64-linux",
          "libevent"
        ],
        "info": {
          "broken": false,
          "license": "BSD-3-Clause",
          "pname": "libevent",
          "unfree": false,
          "version": "2.1.12"
        },
        "input": {
          "attrs": {
            "lastModified": 1702560864,
            "narHash": "sha256-TKzwO/sGyKCRwAIiqqh/Hlr5JDcNtWPhm4wLEx0sC8U=",
            "owner": "NixOS",
            "repo": "nixpkgs",
            "rev": "ec59ab191f7728ec7c6a48ac0739de77e4f124b7",
            "type": "github"
          },
          "fingerprint": "a8f342703c6c7f48038dccb1bae240999764ffcc1a06ce01af513b12617a989d",
          "url": "github:NixOS/nixpkgs/ec59ab191f7728ec7c6a48ac0739de77e4f124b7"
        },
        "priority": 5
      },
      "libgcrypt": {
        "attr-path": [
          "legacyPackages",
          "x86_64-linux",
          "libgcrypt"
        ],
        "info": {
          "broken": false,
          "license": "LGPL-2.0-or-later",
          "pname": "libgcrypt",
          "unfree": false,
          "version": "1.10.2"
        },
        "input": {
          "attrs": {
            "lastModified": 1702560864,
            "narHash": "sha256-TKzwO/sGyKCRwAIiqqh/Hlr5JDcNtWPhm4wLEx0sC8U=",
            "owner": "NixOS",
            "repo": "nixpkgs",
            "rev": "ec59ab191f7728ec7c6a48ac0739de77e4f124b7",
            "type": "github"
          },
          "fingerprint": "a8f342703c6c7f48038dccb1bae240999764ffcc1a06ce01af513b12617a989d",
          "url": "github:NixOS/nixpkgs/ec59ab191f7728ec7c6a48ac0739de77e4f124b7"
        },
        "priority": 5
      },
      "mariadb-connector-c": {
        "attr-path": [
          "legacyPackages",
          "x86_64-linux",
          "mariadb-connector-c"
        ],
        "info": {
          "broken": false,
          "license": "LGPL-2.1-or-later",
          "pname": "mariadb-connector-c",
          "unfree": false,
          "version": "3.2.5"
        },
        "input": {
          "attrs": {
            "lastModified": 1702560864,
            "narHash": "sha256-TKzwO/sGyKCRwAIiqqh/Hlr5JDcNtWPhm4wLEx0sC8U=",
            "owner": "NixOS",
            "repo": "nixpkgs",
            "rev": "ec59ab191f7728ec7c6a48ac0739de77e4f124b7",
            "type": "github"
          },
          "fingerprint": "a8f342703c6c7f48038dccb1bae240999764ffcc1a06ce01af513b12617a989d",
          "url": "github:NixOS/nixpkgs/ec59ab191f7728ec7c6a48ac0739de77e4f124b7"
        },
        "priority": 5
      },
      "openssl": {
        "attr-path": [
          "legacyPackages",
          "x86_64-linux",
          "openssl"
        ],
        "info": {
          "broken": false,
          "license": "Apache-2.0",
          "pname": "openssl",
          "unfree": false,
          "version": "3.0.12"
        },
        "input": {
          "attrs": {
            "lastModified": 1702560864,
            "narHash": "sha256-TKzwO/sGyKCRwAIiqqh/Hlr5JDcNtWPhm4wLEx0sC8U=",
            "owner": "NixOS",
            "repo": "nixpkgs",
            "rev": "ec59ab191f7728ec7c6a48ac0739de77e4f124b7",
            "type": "github"
          },
          "fingerprint": "a8f342703c6c7f48038dccb1bae240999764ffcc1a06ce01af513b12617a989d",
          "url": "github:NixOS/nixpkgs/ec59ab191f7728ec7c6a48ac0739de77e4f124b7"
        },
        "priority": 5
      },
      "pcre": {
        "attr-path": [
          "legacyPackages",
          "x86_64-linux",
          "pcre"
        ],
        "info": {
          "broken": false,
          "license": "BSD-3-Clause",
          "pname": "pcre",
          "unfree": false,
          "version": "8.45"
        },
        "input": {
          "attrs": {
            "lastModified": 1702560864,
            "narHash": "sha256-TKzwO/sGyKCRwAIiqqh/Hlr5JDcNtWPhm4wLEx0sC8U=",
            "owner": "NixOS",
            "repo": "nixpkgs",
            "rev": "ec59ab191f7728ec7c6a48ac0739de77e4f124b7",
            "type": "github"
          },
          "fingerprint": "a8f342703c6c7f48038dccb1bae240999764ffcc1a06ce01af513b12617a989d",
          "url": "github:NixOS/nixpkgs/ec59ab191f7728ec7c6a48ac0739de77e4f124b7"
        },
        "priority": 5
      },
      "pkg-config": {
        "attr-path": [
          "legacyPackages",
          "x86_64-linux",
          "pkg-config"
        ],
        "info": {
          "broken": false,
          "license": "GPL-2.0-or-later",
          "pname": "pkg-config-wrapper",
          "unfree": false,
          "version": "0.29.2"
        },
        "input": {
          "attrs": {
            "lastModified": 1702560864,
            "narHash": "sha256-TKzwO/sGyKCRwAIiqqh/Hlr5JDcNtWPhm4wLEx0sC8U=",
            "owner": "NixOS",
            "repo": "nixpkgs",
            "rev": "ec59ab191f7728ec7c6a48ac0739de77e4f124b7",
            "type": "github"
          },
          "fingerprint": "a8f342703c6c7f48038dccb1bae240999764ffcc1a06ce01af513b12617a989d",
          "url": "github:NixOS/nixpkgs/ec59ab191f7728ec7c6a48ac0739de77e4f124b7"
        },
        "priority": 5
      },
      "vim": {
        "attr-path": [
          "legacyPackages",
          "x86_64-linux",
          "vim"
        ],
        "info": {
          "broken": false,
          "license": "Vim",
          "pname": "vim",
          "unfree": false,
          "version": "9.0.1441"
        },
        "input": {
          "attrs": {
            "lastModified": 1702560864,
            "narHash": "sha256-TKzwO/sGyKCRwAIiqqh/Hlr5JDcNtWPhm4wLEx0sC8U=",
            "owner": "NixOS",
            "repo": "nixpkgs",
            "rev": "ec59ab191f7728ec7c6a48ac0739de77e4f124b7",
            "type": "github"
          },
          "fingerprint": "a8f342703c6c7f48038dccb1bae240999764ffcc1a06ce01af513b12617a989d",
          "url": "github:NixOS/nixpkgs/ec59ab191f7728ec7c6a48ac0739de77e4f124b7"
        },
        "priority": 5
      },
      "zlib": {
        "attr-path": [
          "legacyPackages",
          "x86_64-linux",
          "zlib"
        ],
        "info": {
          "broken": false,
          "license": "Zlib",
          "pname": "zlib",
          "unfree": false,
          "version": "1.2.13"
        },
        "input": {
          "attrs": {
            "lastModified": 1702560864,
            "narHash": "sha256-TKzwO/sGyKCRwAIiqqh/Hlr5JDcNtWPhm4wLEx0sC8U=",
            "owner": "NixOS",
            "repo": "nixpkgs",
            "rev": "ec59ab191f7728ec7c6a48ac0739de77e4f124b7",
            "type": "github"
          },
          "fingerprint": "a8f342703c6c7f48038dccb1bae240999764ffcc1a06ce01af513b12617a989d",
          "url": "github:NixOS/nixpkgs/ec59ab191f7728ec7c6a48ac0739de77e4f124b7"
        },
        "priority": 5
      }
    }
  },
  "registry": {
    "defaults": {
      "subtrees": null
    },
    "inputs": {
      "nixpkgs": {
        "from": {
          "lastModified": 1702560864,
          "narHash": "sha256-TKzwO/sGyKCRwAIiqqh/Hlr5JDcNtWPhm4wLEx0sC8U=",
          "owner": "NixOS",
          "repo": "nixpkgs",
          "rev": "ec59ab191f7728ec7c6a48ac0739de77e4f124b7",
          "type": "github"
        },
        "subtrees": [
          "legacyPackages"
        ]
      }
    },
    "priority": [
      "nixpkgs"
    ]
  }
}